
Microsoft Visual Studio Solution File, Format Version 11.00
# Visual Studio 2010
Project("{FAE04EC0-301F-11D3-BF4B-00C04F79EFBC}") = "RnD.MapBoxSample", "RnD.MapBoxSample\RnD.MapBoxSample.csproj", "{2E33261B-2AC7-4C6E-850D-B22D725501A3}"
EndProject
Global
	GlobalSection(SolutionConfigurationPlatforms) = preSolution
		Debug|Any CPU = Debug|Any CPU
		Release|Any CPU = Release|Any CPU
	EndGlobalSection
	GlobalSection(ProjectConfigurationPlatforms) = postSolution
		{2E33261B-2AC7-4C6E-850D-B22D725501A3}.Debug|Any CPU.ActiveCfg = Debug|Any CPU
		{2E33261B-2AC7-4C6E-850D-B22D725501A3}.Debug|Any CPU.Build.0 = Debug|Any CPU
		{2E33261B-2AC7-4C6E-850D-B22D725501A3}.Release|Any CPU.ActiveCfg = Release|Any CPU
		{2E33261B-2AC7-4C6E-850D-B22D725501A3}.Release|Any CPU.Build.0 = Release|Any CPU
	EndGlobalSection
	GlobalSection(SolutionProperties) = preSolution
		HideSolutionNode = FALSE
	EndGlobalSection
EndGlobal
